<?xml version="1.0" encoding="UTF-8" standalone="yes" ?>
<CodeBlocks_project_file>
	<FileVersion major="1" minor="6" />
	<Project>
		<Option title="radeontop-gui" />
		<Option platforms="Unix;" />
		<Option pch_mode="2" />
		<Option compiler="gcc" />
		<Build>
			<Target title="Debug">
				<Option platforms="Unix;" />
				<Option output="out/bin/Debug/radeontop-gui" prefix_auto="1" extension_auto="1" />
				<Option object_output="out/obj/Debug/" />
				<Option type="0" />
				<Option compiler="gcc" />
				<Option projectLinkerOptionsRelation="2" />
				<Compiler>
					<Add option="-fPIC" />
					<Add option="-g" />
					<Add option="`wx-config --debug=yes --cflags`" />
					<Add option="-DENABLE_AMDGPU=1" />
				</Compiler>
				<Linker>
					<Add option="-Wl,-gc-sections" />
					<Add option="`pkg-config --libs pciaccess`" />
					<Add option="`pkg-config --libs libdrm`" />
					<Add option="-lcpufreq" />
				</Linker>
			</Target>
			<Target title="Release">
				<Option output="out/bin/Release/radeontop-gui" prefix_auto="1" extension_auto="1" />
				<Option object_output="out/obj/Release/" />
				<Option type="0" />
				<Option compiler="gcc" />
				<Option projectLinkerOptionsRelation="2" />
				<Compiler>
					<Add option="-O2" />
					<Add option="`wx-config  --cflags`" />
					<Add option="-DENABLE_AMDGPU=1" />
				</Compiler>
				<Linker>
					<Add option="-s" />
					<Add option="-Wl,-gc-sections" />
					<Add option="`pkg-config --libs pciaccess`" />
					<Add option="`pkg-config --libs libdrm`" />
					<Add option="-lcpufreq" />
				</Linker>
			</Target>
		</Build>
		<Compiler>
			<Add option="-Wall" />
			<Add option="-ffunction-sections -fdata-sections" />
			<Add option="`pkg-config --cflags pciaccess`" />
			<Add option="`pkg-config --cflags libdrm`" />
			<Add option="-I./include" />
		</Compiler>
		<Linker>
			<Add option="`wx-config --libs`" />
		</Linker>
		<ExtraCommands>
			<Add before="./getver.sh" />
		</ExtraCommands>
		<Unit filename="include/conf.h" />
		<Unit filename="include/confdef.h" />
		<Unit filename="include/cputop.h" />
		<Unit filename="include/power.h" />
		<Unit filename="include/r600_pci_ids.h" />
		<Unit filename="include/radeontop.h" />
		<Unit filename="include/rdt_guiApp.h" />
		<Unit filename="include/rdt_guiMain.h" />
		<Unit filename="src/GUIFrame.cpp" />
		<Unit filename="src/GUIFrame.h" />
		<Unit filename="src/auth.cpp" />
		<Unit filename="src/conf.cpp" />
		<Unit filename="src/cpudialog.cpp" />
		<Unit filename="src/cputop.cpp" />
		<Unit filename="src/detect.cpp" />
		<Unit filename="src/family_str.cpp" />
		<Unit filename="src/power.cpp" />
		<Unit filename="src/powergui.cpp" />
		<Unit filename="src/querydialog.cpp" />
		<Unit filename="src/radeontop.cpp" />
		<Unit filename="src/rdt_guiApp.cpp" />
		<Unit filename="src/rdt_guiMain.cpp" />
		<Unit filename="src/ticks.cpp" />
		<Extensions>
			<lib_finder disable_auto="1" />
		</Extensions>
	</Project>
</CodeBlocks_project_file>
